schema: '2.0'
stages:
  data_ingestion:
    cmd: python src/cnnClassifier/pipeline/stage_01_data_ingestion.py
    deps:
    - path: config/config.yaml
      hash: md5
      md5: 76c4878988bbc5213a2883be963c1433
      size: 910
    - path: src/cnnClassifier/pipeline/stage_01_data_ingestion.py
      hash: md5
      md5: 043bc8a28ce8947169b60bd42db6bc75
      size: 884
    outs:
    - path: artifacts/data_ingestion/Chest-CT-Scan-data
      hash: md5
      md5: 21abb80026967e24b77683e3baac73cf.dir
      size: 29014220
      nfiles: 174
  prepare_base_model:
    cmd: python src/cnnClassifier/pipeline/stage_02_prepare_base_model.py
    deps:
    - path: config/config.yaml
      hash: md5
      md5: 76c4878988bbc5213a2883be963c1433
      size: 910
    - path: src/cnnClassifier/pipeline/stage_02_prepare_base_model.py
      hash: md5
      md5: 824531f73838bddd183876bc66e9b312
      size: 969
    params:
      params.yaml:
        CLASSES: 2
        IMAGE_SIZE:
        - 224
        - 224
        - 3
        INCLUDE_TOP: false
        LEARNING_RATE: 0.01
        WEIGHTS: imagenet
    outs:
    - path: artifacts/prepare_base_model
      hash: md5
      md5: 6be678a30cc062bc9a94c3fc6c1caa4d.dir
      size: 118059248
      nfiles: 2
  training:
    cmd: python src/cnnClassifier/pipeline/stage_03_model_trainer.py
    deps:
    - path: artifacts/data_ingestion/Chest-CT-Scan-data
      hash: md5
      md5: 21abb80026967e24b77683e3baac73cf.dir
      size: 29014220
      nfiles: 174
    - path: artifacts/prepare_base_model
      hash: md5
      md5: 6be678a30cc062bc9a94c3fc6c1caa4d.dir
      size: 118059248
      nfiles: 2
    - path: config/config.yaml
      hash: md5
      md5: 76c4878988bbc5213a2883be963c1433
      size: 910
    - path: src/cnnClassifier/pipeline/stage_03_model_trainer.py
      hash: md5
      md5: 7d71cd4503deb1fa8d48713e0255cab9
      size: 879
    params:
      params.yaml:
        AUGMENTATION: true
        BATCH_SIZE: 16
        EPOCHS: 1
        IMAGE_SIZE:
        - 224
        - 224
        - 3
    outs:
    - path: artifacts/training/trained_model.keras
      hash: md5
      md5: 48e1dce68357909c926b8aee670ef50b
      size: 59338167
  evaluation:
    cmd: python src/cnnClassifier/pipeline/stage_04_model_evaluation.py
    deps:
    - path: artifacts/data_ingestion/Chest-CT-Scan-data
      hash: md5
      md5: 21abb80026967e24b77683e3baac73cf.dir
      size: 29014220
      nfiles: 174
    - path: artifacts/training/trained_model.keras
      hash: md5
      md5: 48e1dce68357909c926b8aee670ef50b
      size: 59338167
    - path: config/config.yaml
      hash: md5
      md5: 76c4878988bbc5213a2883be963c1433
      size: 910
    - path: src/cnnClassifier/pipeline/stage_04_model_evaluation.py
      hash: md5
      md5: 4169d732137862f1afb890e403000634
      size: 854
    params:
      params.yaml:
        BATCH_SIZE: 16
        IMAGE_SIZE:
        - 224
        - 224
        - 3
    outs:
    - path: scores.json
      hash: md5
      md5: 131d78b12e1be367359a047139c24e3a
      size: 69
